
Microsoft Visual Studio Solution File, Format Version 12.00
Project("{FAE04EC0-301F-11D3-BF4B-00C04F79EFBC}") = "ServiceHost", "ServiceHost\ServiceHost.csproj", "{F751BAC3-3E3E-4C11-BF47-5AE7B694F3BE}"
EndProject
Global
	GlobalSection(SolutionConfigurationPlatforms) = preSolution
		Debug|Any CPU = Debug|Any CPU
		Release|Any CPU = Release|Any CPU
	EndGlobalSection
	GlobalSection(ProjectConfigurationPlatforms) = postSolution
		{F751BAC3-3E3E-4C11-BF47-5AE7B694F3BE}.Debug|Any CPU.ActiveCfg = Debug|Any CPU
		{F751BAC3-3E3E-4C11-BF47-5AE7B694F3BE}.Debug|Any CPU.Build.0 = Debug|Any CPU
		{F751BAC3-3E3E-4C11-BF47-5AE7B694F3BE}.Release|Any CPU.ActiveCfg = Release|Any CPU
		{F751BAC3-3E3E-4C11-BF47-5AE7B694F3BE}.Release|Any CPU.Build.0 = Release|Any CPU
	EndGlobalSection
EndGlobal
